// !$*UTF8*$!
{
	archiveVersion = 1;
	classes = {
	};
	objectVersion = 46;
	objects = {

/* Begin PBXBuildFile section */
		845C4CA51445DD3C009AA64B /* main.cpp in Sources */ = {isa = PBXBuildFile; fileRef = 845C4CA41445DD3C009AA64B /* main.cpp */; };
		845C4CA71445DD3C009AA64B /* complexiPhi.1 in CopyFiles */ = {isa = PBXBuildFile; fileRef = 845C4CA61445DD3C009AA64B /* complexiPhi.1 */; };
		845C4CB61445DD77009AA64B /* tAgent.cpp in Sources */ = {isa = PBXBuildFile; fileRef = 845C4CAE1445DD77009AA64B /* tAgent.cpp */; };
		845C4CB71445DD77009AA64B /* tANN.cpp in Sources */ = {isa = PBXBuildFile; fileRef = 845C4CB01445DD77009AA64B /* tANN.cpp */; };
		845C4CB81445DD77009AA64B /* tGame.cpp in Sources */ = {isa = PBXBuildFile; fileRef = 845C4CB21445DD77009AA64B /* tGame.cpp */; };
		845C4CB91445DD77009AA64B /* tHMM.cpp in Sources */ = {isa = PBXBuildFile; fileRef = 845C4CB41445DD77009AA64B /* tHMM.cpp */; };
/* End PBXBuildFile section */

/* Begin PBXCopyFilesBuildPhase section */
		845C4C9E1445DD3C009AA64B /* CopyFiles */ = {
			isa = PBXCopyFilesBuildPhase;
			buildActionMask = 2147483647;
			dstPath = /usr/share/man/man1/;
			dstSubfolderSpec = 0;
			files = (
				845C4CA71445DD3C009AA64B /* complexiPhi.1 in CopyFiles */,
			);
			runOnlyForDeploymentPostprocessing = 1;
		};
/* End PBXCopyFilesBuildPhase section */

/* Begin PBXFileReference section */
		845C4CA01445DD3C009AA64B /* complexiPhi */ = {isa = PBXFileReference; explicitFileType = "compiled.mach-o.executable"; includeInIndex = 0; path = complexiPhi; sourceTree = BUILT_PRODUCTS_DIR; };
		845C4CA41445DD3C009AA64B /* main.cpp */ = {isa = PBXFileReference; lastKnownFileType = sourcecode.cpp.cpp; path = main.cpp; sourceTree = "<group>"; };
		845C4CA61445DD3C009AA64B /* complexiPhi.1 */ = {isa = PBXFileReference; lastKnownFileType = text.man; path = complexiPhi.1; sourceTree = "<group>"; };
		845C4CAD1445DD77009AA64B /* globalConst.h */ = {isa = PBXFileReference; fileEncoding = 4; lastKnownFileType = sourcecode.c.h; path = globalConst.h; sourceTree = "<group>"; };
		845C4CAE1445DD77009AA64B /* tAgent.cpp */ = {isa = PBXFileReference; fileEncoding = 4; lastKnownFileType = sourcecode.cpp.cpp; path = tAgent.cpp; sourceTree = "<group>"; };
		845C4CAF1445DD77009AA64B /* tAgent.h */ = {isa = PBXFileReference; fileEncoding = 4; lastKnownFileType = sourcecode.c.h; path = tAgent.h; sourceTree = "<group>"; };
		845C4CB01445DD77009AA64B /* tANN.cpp */ = {isa = PBXFileReference; fileEncoding = 4; lastKnownFileType = sourcecode.cpp.cpp; path = tANN.cpp; sourceTree = "<group>"; };
		845C4CB11445DD77009AA64B /* tANN.h */ = {isa = PBXFileReference; fileEncoding = 4; lastKnownFileType = sourcecode.c.h; path = tANN.h; sourceTree = "<group>"; };
		845C4CB21445DD77009AA64B /* tGame.cpp */ = {isa = PBXFileReference; fileEncoding = 4; lastKnownFileType = sourcecode.cpp.cpp; path = tGame.cpp; sourceTree = "<group>"; };
		845C4CB31445DD77009AA64B /* tGame.h */ = {isa = PBXFileReference; fileEncoding = 4; lastKnownFileType = sourcecode.c.h; path = tGame.h; sourceTree = "<group>"; };
		845C4CB41445DD77009AA64B /* tHMM.cpp */ = {isa = PBXFileReference; fileEncoding = 4; lastKnownFileType = sourcecode.cpp.cpp; path = tHMM.cpp; sourceTree = "<group>"; };
		845C4CB51445DD77009AA64B /* tHMM.h */ = {isa = PBXFileReference; fileEncoding = 4; lastKnownFileType = sourcecode.c.h; path = tHMM.h; sourceTree = "<group>"; };
		84AD68B61457300A006EBA24 /* basic.txt */ = {isa = PBXFileReference; fileEncoding = 4; lastKnownFileType = text; name = basic.txt; path = work/basic.txt; sourceTree = SOURCE_ROOT; };
/* End PBXFileReference section */

/* Begin PBXFrameworksBuildPhase section */
		845C4C9D1445DD3C009AA64B /* Frameworks */ = {
			isa = PBXFrameworksBuildPhase;
			buildActionMask = 2147483647;
			files = (
			);
			runOnlyForDeploymentPostprocessing = 0;
		};
/* End PBXFrameworksBuildPhase section */

/* Begin PBXGroup section */
		845C4C951445DD3C009AA64B = {
			isa = PBXGroup;
			children = (
				845C4CA31445DD3C009AA64B /* complexiPhi */,
				845C4CA11445DD3C009AA64B /* Products */,
			);
			sourceTree = "<group>";
		};
		845C4CA11445DD3C009AA64B /* Products */ = {
			isa = PBXGroup;
			children = (
				845C4CA01445DD3C009AA64B /* complexiPhi */,
			);
			name = Products;
			sourceTree = "<group>";
		};
		845C4CA31445DD3C009AA64B /* complexiPhi */ = {
			isa = PBXGroup;
			children = (
				845C4CA41445DD3C009AA64B /* main.cpp */,
				845C4CAD1445DD77009AA64B /* globalConst.h */,
				845C4CAE1445DD77009AA64B /* tAgent.cpp */,
				845C4CAF1445DD77009AA64B /* tAgent.h */,
				845C4CB01445DD77009AA64B /* tANN.cpp */,
				845C4CB11445DD77009AA64B /* tANN.h */,
				845C4CB21445DD77009AA64B /* tGame.cpp */,
				845C4CB31445DD77009AA64B /* tGame.h */,
				845C4CB41445DD77009AA64B /* tHMM.cpp */,
				845C4CB51445DD77009AA64B /* tHMM.h */,
				845C4CA61445DD3C009AA64B /* complexiPhi.1 */,
				84AD68B61457300A006EBA24 /* basic.txt */,
			);
			path = complexiPhi;
			sourceTree = "<group>";
		};
/* End PBXGroup section */

/* Begin PBXNativeTarget section */
		845C4C9F1445DD3C009AA64B /* complexiPhi */ = {
			isa = PBXNativeTarget;
			buildConfigurationList = 845C4CAA1445DD3C009AA64B /* Build configuration list for PBXNativeTarget "complexiPhi" */;
			buildPhases = (
				845C4C9C1445DD3C009AA64B /* Sources */,
				845C4C9D1445DD3C009AA64B /* Frameworks */,
				845C4C9E1445DD3C009AA64B /* CopyFiles */,
			);
			buildRules = (
			);
			dependencies = (
			);
			name = complexiPhi;
			productName = complexiPhi;
			productReference = 845C4CA01445DD3C009AA64B /* complexiPhi */;
			productType = "com.apple.product-type.tool";
		};
/* End PBXNativeTarget section */

/* Begin PBXProject section */
		845C4C971445DD3C009AA64B /* Project object */ = {
			isa = PBXProject;
			buildConfigurationList = 845C4C9A1445DD3C009AA64B /* Build configuration list for PBXProject "complexiPhi" */;
			compatibilityVersion = "Xcode 3.2";
			developmentRegion = English;
			hasScannedForEncodings = 0;
			knownRegions = (
				en,
			);
			mainGroup = 845C4C951445DD3C009AA64B;
			productRefGroup = 845C4CA11445DD3C009AA64B /* Products */;
			projectDirPath = "";
			projectRoot = "";
			targets = (
				845C4C9F1445DD3C009AA64B /* complexiPhi */,
			);
		};
/* End PBXProject section */

/* Begin PBXSourcesBuildPhase section */
		845C4C9C1445DD3C009AA64B /* Sources */ = {
			isa = PBXSourcesBuildPhase;
			buildActionMask = 2147483647;
			files = (
				845C4CA51445DD3C009AA64B /* main.cpp in Sources */,
				845C4CB61445DD77009AA64B /* tAgent.cpp in Sources */,
				845C4CB71445DD77009AA64B /* tANN.cpp in Sources */,
				845C4CB81445DD77009AA64B /* tGame.cpp in Sources */,
				845C4CB91445DD77009AA64B /* tHMM.cpp in Sources */,
			);
			runOnlyForDeploymentPostprocessing = 0;
		};
/* End PBXSourcesBuildPhase section */

/* Begin XCBuildConfiguration section */
		845C4CA81445DD3C009AA64B /* Debug */ = {
			isa = XCBuildConfiguration;
			buildSettings = {
				ALWAYS_SEARCH_USER_PATHS = NO;
				ARCHS = "$(ARCHS_STANDARD_64_BIT)";
				COPY_PHASE_STRIP = NO;
				GCC_C_LANGUAGE_STANDARD = gnu99;
				GCC_DYNAMIC_NO_PIC = NO;
				GCC_ENABLE_OBJC_EXCEPTIONS = YES;
				GCC_OPTIMIZATION_LEVEL = 0;
				GCC_PREPROCESSOR_DEFINITIONS = (
					"DEBUG=1",
					"$(inherited)",
				);
				GCC_SYMBOLS_PRIVATE_EXTERN = NO;
				GCC_VERSION = com.apple.compilers.llvm.clang.1_0;
				GCC_WARN_64_TO_32_BIT_CONVERSION = YES;
				GCC_WARN_ABOUT_MISSING_PROTOTYPES = YES;
				GCC_WARN_ABOUT_RETURN_TYPE = YES;
				GCC_WARN_UNUSED_VARIABLE = YES;
				MACOSX_DEPLOYMENT_TARGET = 10.7;
				ONLY_ACTIVE_ARCH = YES;
				SDKROOT = macosx;
			};
			name = Debug;
		};
		845C4CA91445DD3C009AA64B /* Release */ = {
			isa = XCBuildConfiguration;
			buildSettings = {
				ALWAYS_SEARCH_USER_PATHS = NO;
				ARCHS = "$(ARCHS_STANDARD_64_BIT)";
				COPY_PHASE_STRIP = YES;
				DEBUG_INFORMATION_FORMAT = "dwarf-with-dsym";
				GCC_C_LANGUAGE_STANDARD = gnu99;
				GCC_ENABLE_OBJC_EXCEPTIONS = YES;
				GCC_VERSION = com.apple.compilers.llvm.clang.1_0;
				GCC_WARN_64_TO_32_BIT_CONVERSION = YES;
				GCC_WARN_ABOUT_MISSING_PROTOTYPES = YES;
				GCC_WARN_ABOUT_RETURN_TYPE = YES;
				GCC_WARN_UNUSED_VARIABLE = YES;
				MACOSX_DEPLOYMENT_TARGET = 10.7;
				SDKROOT = macosx;
			};
			name = Release;
		};
		845C4CAB1445DD3C009AA64B /* Debug */ = {
			isa = XCBuildConfiguration;
			buildSettings = {
				PRODUCT_NAME = "$(TARGET_NAME)";
			};
			name = Debug;
		};
		845C4CAC1445DD3C009AA64B /* Release */ = {
			isa = XCBuildConfiguration;
			buildSettings = {
				PRODUCT_NAME = "$(TARGET_NAME)";
			};
			name = Release;
		};
/* End XCBuildConfiguration section */

/* Begin XCConfigurationList section */
		845C4C9A1445DD3C009AA64B /* Build configuration list for PBXProject "complexiPhi" */ = {
			isa = XCConfigurationList;
			buildConfigurations = (
				845C4CA81445DD3C009AA64B /* Debug */,
				845C4CA91445DD3C009AA64B /* Release */,
			);
			defaultConfigurationIsVisible = 0;
			defaultConfigurationName = Release;
		};
		845C4CAA1445DD3C009AA64B /* Build configuration list for PBXNativeTarget "complexiPhi" */ = {
			isa = XCConfigurationList;
			buildConfigurations = (
				845C4CAB1445DD3C009AA64B /* Debug */,
				845C4CAC1445DD3C009AA64B /* Release */,
			);
			defaultConfigurationIsVisible = 0;
			defaultConfigurationName = Release;
		};
/* End XCConfigurationList section */
	};
	rootObject = 845C4C971445DD3C009AA64B /* Project object */;
}
